{
  "name": "colored_ender_chests",
  "version": "1.0.0",
  "lockfileVersion": 2,
  "requires": true,
  "packages": {
    "": {
      "name": "colored_ender_chests",
      "version": "1.0.0",
      "license": "UNLICENSED",
      "dependencies": {
        "node-zip": "^1.0.1"
      }
    },
    "node_modules/node-zip": {
      "version": "1.0.1",
      "resolved": "https://registry.npmjs.org/node-zip/-/node-zip-1.0.1.tgz",
      "integrity": "sha512-X8wJ2lUj6foyRP/MoSM6KMnSlOlS97bHjElCUnRTgpdyUDcE5jReVja9X4nqbjXQIBIIwspznPrM2R2aLH5rcA==",
      "bin": {
        "nodezip": "bin/nodezip"
      },
      "engines": {
        "node": "*"
      }
    }
  },
  "dependencies": {
    "node-zip": {
      "version": "1.0.1",
      "resolved": "https://registry.npmjs.org/node-zip/-/node-zip-1.0.1.tgz",
      "integrity": "sha512-X8wJ2lUj6foyRP/MoSM6KMnSlOlS97bHjElCUnRTgpdyUDcE5jReVja9X4nqbjXQIBIIwspznPrM2R2aLH5rcA=="
    }
  }
}
